
Microsoft Visual Studio Solution File, Format Version 12.00
# Visual Studio 14
VisualStudioVersion = 14.0.25420.1
MinimumVisualStudioVersion = 10.0.40219.1
Project("{FAE04EC0-301F-11D3-BF4B-00C04F79EFBC}") = "ConnectorTest", "ConnectorTest\ConnectorTest.csproj", "{506F4CE2-3C6A-4D69-BBD4-E499434FC6FD}"
EndProject
Project("{FAE04EC0-301F-11D3-BF4B-00C04F79EFBC}") = "QlikConnectorPSExecute", "q2g-con-psexecute-qvx\q2g-con-psexecute-qvx.csproj", "{21281672-E242-41B3-BC23-F15FF5BBCA24}"
EndProject
Project("{2150E333-8FDC-42A3-9474-1A3956D46DE8}") = "docs", "docs", "{B7F49167-7166-4D63-AB51-3CCBB16F1C9F}"
	ProjectSection(SolutionItems) = preProject
		..\README.md = ..\README.md
	EndProjectSection
EndProject
Global
	GlobalSection(SolutionConfigurationPlatforms) = preSolution
		Debug|Any CPU = Debug|Any CPU
		Release|Any CPU = Release|Any CPU
	EndGlobalSection
	GlobalSection(ProjectConfigurationPlatforms) = postSolution
		{506F4CE2-3C6A-4D69-BBD4-E499434FC6FD}.Debug|Any CPU.ActiveCfg = Debug|Any CPU
		{506F4CE2-3C6A-4D69-BBD4-E499434FC6FD}.Debug|Any CPU.Build.0 = Debug|Any CPU
		{506F4CE2-3C6A-4D69-BBD4-E499434FC6FD}.Release|Any CPU.ActiveCfg = Release|Any CPU
		{506F4CE2-3C6A-4D69-BBD4-E499434FC6FD}.Release|Any CPU.Build.0 = Release|Any CPU
		{21281672-E242-41B3-BC23-F15FF5BBCA24}.Debug|Any CPU.ActiveCfg = Debug|Any CPU
		{21281672-E242-41B3-BC23-F15FF5BBCA24}.Debug|Any CPU.Build.0 = Debug|Any CPU
		{21281672-E242-41B3-BC23-F15FF5BBCA24}.Release|Any CPU.ActiveCfg = Release|Any CPU
		{21281672-E242-41B3-BC23-F15FF5BBCA24}.Release|Any CPU.Build.0 = Release|Any CPU
	EndGlobalSection
	GlobalSection(SolutionProperties) = preSolution
		HideSolutionNode = FALSE
	EndGlobalSection
EndGlobal
