
Microsoft Visual Studio Solution File, Format Version 12.00
# Visual Studio 15
VisualStudioVersion = 15.0.28307.168
MinimumVisualStudioVersion = 10.0.40219.1
Project("{9A19103F-16F7-4668-BE54-9A1E7A4F7556}") = "q2g-con-psexecute-qvx", "q2g-con-psexecute-qvx\q2g-con-psexecute-qvx.csproj", "{21281672-E242-41B3-BC23-F15FF5BBCA24}"
EndProject
Project("{2150E333-8FDC-42A3-9474-1A3956D46DE8}") = "docs", "docs", "{B7F49167-7166-4D63-AB51-3CCBB16F1C9F}"
	ProjectSection(SolutionItems) = preProject
		..\README.md = ..\README.md
	EndProjectSection
EndProject
Global
	GlobalSection(SolutionConfigurationPlatforms) = preSolution
		Debug|Any CPU = Debug|Any CPU
		Release|Any CPU = Release|Any CPU
	EndGlobalSection
	GlobalSection(ProjectConfigurationPlatforms) = postSolution
		{21281672-E242-41B3-BC23-F15FF5BBCA24}.Debug|Any CPU.ActiveCfg = Debug|Any CPU
		{21281672-E242-41B3-BC23-F15FF5BBCA24}.Debug|Any CPU.Build.0 = Debug|Any CPU
		{21281672-E242-41B3-BC23-F15FF5BBCA24}.Release|Any CPU.ActiveCfg = Release|Any CPU
		{21281672-E242-41B3-BC23-F15FF5BBCA24}.Release|Any CPU.Build.0 = Release|Any CPU
	EndGlobalSection
	GlobalSection(SolutionProperties) = preSolution
		HideSolutionNode = FALSE
	EndGlobalSection
	GlobalSection(ExtensibilityGlobals) = postSolution
		SolutionGuid = {536160E5-8B2A-4854-A506-6A61E22B13CF}
	EndGlobalSection
EndGlobal
